# Generated by pub
# See https://dart.dev/tools/pub/glossary#lockfile
packages:
  kernel:
    dependency: "direct dev"
    description:
      path: "pkg/kernel"
      ref: "stable/v1.22.3"
      resolved-ref: b526ad88eac384581f0bfc2223fad70819edacc6
      url: "git@gitee.com:idouziAndroid/alsdk.git"
    source: git
    version: "0.0.0"
  meta:
    dependency: transitive
    description:
      name: meta
      url: "https://pub.dartlang.org"
    source: hosted
    version: "1.2.4"
sdks:
  dart: ">=2.7.0 <3.0.0"
  flutter: ">=1.17.0"
