# Generated by pub
# See https://dart.dev/tools/pub/glossary#lockfile
packages:
  _fe_analyzer_shared:
    dependency: transitive
    description:
      path: "F:\\/flutter/alsdk/pkg/_fe_analyzer_shared"
      relative: true
    source: path
    version: "9.0.0"
  _js_interop_checks:
    dependency: transitive
    description:
      path: "F:\\/flutter/alsdk/pkg/_js_interop_checks"
      relative: true
    source: path
    version: "0.0.0"
  args:
    dependency: "direct dev"
    description:
      name: args
      url: "https://pub.flutter-io.cn"
    source: hosted
    version: "1.6.0"
  async:
    dependency: transitive
    description:
      name: async
      url: "https://pub.flutter-io.cn"
    source: hosted
    version: "2.5.0-nullsafety.1"
  bazel_worker:
    dependency: transitive
    description:
      name: bazel_worker
      url: "https://pub.flutter-io.cn"
    source: hosted
    version: "0.1.25"
  build_integration:
    dependency: transitive
    description:
      path: "F:\\/flutter/alsdk/pkg/build_integration"
      relative: true
    source: path
    version: "0.0.0"
  charcode:
    dependency: transitive
    description:
      name: charcode
      url: "https://pub.flutter-io.cn"
    source: hosted
    version: "1.2.0-nullsafety.1"
  cli_util:
    dependency: transitive
    description:
      name: cli_util
      url: "https://pub.flutter-io.cn"
    source: hosted
    version: "0.2.0"
  collection:
    dependency: transitive
    description:
      name: collection
      url: "https://pub.flutter-io.cn"
    source: hosted
    version: "1.15.0-nullsafety.3"
  convert:
    dependency: transitive
    description:
      name: convert
      url: "https://pub.flutter-io.cn"
    source: hosted
    version: "2.1.1"
  crypto:
    dependency: transitive
    description:
      name: crypto
      url: "https://pub.flutter-io.cn"
    source: hosted
    version: "2.1.5"
  dev_compiler:
    dependency: "direct overridden"
    description:
      path: "F:\\flutter\\alsdk\\pkg\\dev_compiler"
      relative: false
    source: path
    version: "0.0.0"
  fixnum:
    dependency: transitive
    description:
      name: fixnum
      url: "https://pub.flutter-io.cn"
    source: hosted
    version: "0.10.11"
  front_end:
    dependency: "direct dev"
    description:
      path: "F:\\flutter\\alsdk\\pkg\\front_end"
      relative: false
    source: path
    version: "0.0.0"
  frontend_server:
    dependency: "direct overridden"
    description:
      path: "F:\\flutter\\alsdk\\pkg\\frontend_server"
      relative: false
    source: path
    version: "0.0.0"
  kernel:
    dependency: "direct dev"
    description:
      path: "F:\\flutter\\alsdk\\pkg\\kernel"
      relative: false
    source: path
    version: "0.0.0"
  meta:
    dependency: transitive
    description:
      name: meta
      url: "https://pub.flutter-io.cn"
    source: hosted
    version: "1.3.0-nullsafety.3"
  package_config:
    dependency: "direct dev"
    description:
      path: "F:\\flutter\\alsdk\\third_party\\pkg_tested\\package_config"
      relative: false
    source: path
    version: "1.9.3"
  path:
    dependency: transitive
    description:
      name: path
      url: "https://pub.flutter-io.cn"
    source: hosted
    version: "1.8.0-nullsafety.1"
  pedantic:
    dependency: transitive
    description:
      name: pedantic
      url: "https://pub.flutter-io.cn"
    source: hosted
    version: "1.9.2"
  protobuf:
    dependency: transitive
    description:
      name: protobuf
      url: "https://pub.flutter-io.cn"
    source: hosted
    version: "1.1.0"
  source_maps:
    dependency: transitive
    description:
      name: source_maps
      url: "https://pub.flutter-io.cn"
    source: hosted
    version: "0.10.9"
  source_span:
    dependency: transitive
    description:
      name: source_span
      url: "https://pub.flutter-io.cn"
    source: hosted
    version: "1.8.0-nullsafety.2"
  term_glyph:
    dependency: transitive
    description:
      name: term_glyph
      url: "https://pub.flutter-io.cn"
    source: hosted
    version: "1.2.0-nullsafety.1"
  typed_data:
    dependency: transitive
    description:
      name: typed_data
      url: "https://pub.flutter-io.cn"
    source: hosted
    version: "1.3.0-nullsafety.3"
  usage:
    dependency: transitive
    description:
      name: usage
      url: "https://pub.flutter-io.cn"
    source: hosted
    version: "3.4.2"
  vm:
    dependency: "direct overridden"
    description:
      path: "F:\\flutter\\alsdk\\pkg\\vm"
      relative: false
    source: path
    version: "0.0.0"
sdks:
  dart: ">=2.10.0-78 <2.11.0"
  flutter: ">=1.17.0"
